
Microsoft Visual Studio Solution File, Format Version 12.00
# Visual Studio 15
VisualStudioVersion = 15.0.27703.2000
MinimumVisualStudioVersion = 10.0.40219.1
Project("{FAE04EC0-301F-11D3-BF4B-00C04F79EFBC}") = "classes3_assignment", "classes3_assignment\classes3_assignment.csproj", "{C65DC7A5-10D6-424A-847F-BC34DB119751}"
EndProject
Global
	GlobalSection(SolutionConfigurationPlatforms) = preSolution
		Debug|Any CPU = Debug|Any CPU
		Release|Any CPU = Release|Any CPU
	EndGlobalSection
	GlobalSection(ProjectConfigurationPlatforms) = postSolution
		{C65DC7A5-10D6-424A-847F-BC34DB119751}.Debug|Any CPU.ActiveCfg = Debug|Any CPU
		{C65DC7A5-10D6-424A-847F-BC34DB119751}.Debug|Any CPU.Build.0 = Debug|Any CPU
		{C65DC7A5-10D6-424A-847F-BC34DB119751}.Release|Any CPU.ActiveCfg = Release|Any CPU
		{C65DC7A5-10D6-424A-847F-BC34DB119751}.Release|Any CPU.Build.0 = Release|Any CPU
	EndGlobalSection
	GlobalSection(SolutionProperties) = preSolution
		HideSolutionNode = FALSE
	EndGlobalSection
	GlobalSection(ExtensibilityGlobals) = postSolution
		SolutionGuid = {7928C426-F4BC-409D-B5DE-F7B2A45B3C7B}
	EndGlobalSection
EndGlobal
