
Microsoft Visual Studio Solution File, Format Version 12.00
# Visual Studio 15
VisualStudioVersion = 15.0.27703.2000
MinimumVisualStudioVersion = 10.0.40219.1
Project("{FAE04EC0-301F-11D3-BF4B-00C04F79EFBC}") = "Inheritance_assignment", "Inheritance_assignment\Inheritance_assignment.csproj", "{CE59A5CA-609A-475E-8F0D-8A70D73CCC7A}"
EndProject
Global
	GlobalSection(SolutionConfigurationPlatforms) = preSolution
		Debug|Any CPU = Debug|Any CPU
		Release|Any CPU = Release|Any CPU
	EndGlobalSection
	GlobalSection(ProjectConfigurationPlatforms) = postSolution
		{CE59A5CA-609A-475E-8F0D-8A70D73CCC7A}.Debug|Any CPU.ActiveCfg = Debug|Any CPU
		{CE59A5CA-609A-475E-8F0D-8A70D73CCC7A}.Debug|Any CPU.Build.0 = Debug|Any CPU
		{CE59A5CA-609A-475E-8F0D-8A70D73CCC7A}.Release|Any CPU.ActiveCfg = Release|Any CPU
		{CE59A5CA-609A-475E-8F0D-8A70D73CCC7A}.Release|Any CPU.Build.0 = Release|Any CPU
	EndGlobalSection
	GlobalSection(SolutionProperties) = preSolution
		HideSolutionNode = FALSE
	EndGlobalSection
	GlobalSection(ExtensibilityGlobals) = postSolution
		SolutionGuid = {42607197-F0D3-44EA-8E71-7B5303C06A48}
	EndGlobalSection
EndGlobal
