
Microsoft Visual Studio Solution File, Format Version 12.00
# Visual Studio 15
VisualStudioVersion = 15.0.27703.2000
MinimumVisualStudioVersion = 10.0.40219.1
Project("{FAE04EC0-301F-11D3-BF4B-00C04F79EFBC}") = "Accounting_Exercise", "Accounting_Exercise\Accounting_Exercise.csproj", "{ABBE5DD4-D68B-40B2-802C-ADBD3C22589C}"
EndProject
Global
	GlobalSection(SolutionConfigurationPlatforms) = preSolution
		Debug|Any CPU = Debug|Any CPU
		Release|Any CPU = Release|Any CPU
	EndGlobalSection
	GlobalSection(ProjectConfigurationPlatforms) = postSolution
		{ABBE5DD4-D68B-40B2-802C-ADBD3C22589C}.Debug|Any CPU.ActiveCfg = Debug|Any CPU
		{ABBE5DD4-D68B-40B2-802C-ADBD3C22589C}.Debug|Any CPU.Build.0 = Debug|Any CPU
		{ABBE5DD4-D68B-40B2-802C-ADBD3C22589C}.Release|Any CPU.ActiveCfg = Release|Any CPU
		{ABBE5DD4-D68B-40B2-802C-ADBD3C22589C}.Release|Any CPU.Build.0 = Release|Any CPU
	EndGlobalSection
	GlobalSection(SolutionProperties) = preSolution
		HideSolutionNode = FALSE
	EndGlobalSection
	GlobalSection(ExtensibilityGlobals) = postSolution
		SolutionGuid = {3B676ECC-80DF-4483-BC28-2A2CFAA079C6}
	EndGlobalSection
EndGlobal
